
Microsoft Visual Studio Solution File, Format Version 12.00
# Visual Studio Version 16
VisualStudioVersion = 16.0.30804.86
MinimumVisualStudioVersion = 10.0.40219.1
Project("{FAE04EC0-301F-11D3-BF4B-00C04F79EFBC}") = "StatusChecker", "StatusChecker\StatusChecker.csproj", "{E609E696-0BF8-4EF9-8D97-5D459082A4F7}"
EndProject
Global
	GlobalSection(SolutionConfigurationPlatforms) = preSolution
		Debug|Any CPU = Debug|Any CPU
		Release|Any CPU = Release|Any CPU
	EndGlobalSection
	GlobalSection(ProjectConfigurationPlatforms) = postSolution
		{E609E696-0BF8-4EF9-8D97-5D459082A4F7}.Debug|Any CPU.ActiveCfg = Debug|Any CPU
		{E609E696-0BF8-4EF9-8D97-5D459082A4F7}.Debug|Any CPU.Build.0 = Debug|Any CPU
		{E609E696-0BF8-4EF9-8D97-5D459082A4F7}.Release|Any CPU.ActiveCfg = Release|Any CPU
		{E609E696-0BF8-4EF9-8D97-5D459082A4F7}.Release|Any CPU.Build.0 = Release|Any CPU
	EndGlobalSection
	GlobalSection(SolutionProperties) = preSolution
		HideSolutionNode = FALSE
	EndGlobalSection
	GlobalSection(ExtensibilityGlobals) = postSolution
		SolutionGuid = {94E89E35-649E-4F89-9816-D2E1D3935FA7}
	EndGlobalSection
EndGlobal
